// !$*UTF8*$!
{
	archiveVersion = 1;
	classes = {
	};
	objectVersion = 46;
	objects = {

/* Begin PBXBuildFile section */
		0206AFD61AC5E17E000682CD /* VacinasAplicarTableView.m in Sources */ = {isa = PBXBuildFile; fileRef = 0206AFD51AC5E17E000682CD /* VacinasAplicarTableView.m */; };
		0206AFD91AC5E198000682CD /* VacinasDetalhesTableView.m in Sources */ = {isa = PBXBuildFile; fileRef = 0206AFD81AC5E198000682CD /* VacinasDetalhesTableView.m */; };
		0206AFDC1AC5E1C1000682CD /* VacinasHistoricoTableView.m in Sources */ = {isa = PBXBuildFile; fileRef = 0206AFDB1AC5E1C1000682CD /* VacinasHistoricoTableView.m */; };
		02377CB71AC456C20081B4A2 /* Solitaire.m in Sources */ = {isa = PBXBuildFile; fileRef = 02377CB61AC456C20081B4A2 /* Solitaire.m */; };
		02B5FE951AC4342900B96E05 /* TabBarController.m in Sources */ = {isa = PBXBuildFile; fileRef = 02B5FE941AC4342900B96E05 /* TabBarController.m */; };
		02B5FE981AC4359400B96E05 /* PerfilViewController.m in Sources */ = {isa = PBXBuildFile; fileRef = 02B5FE971AC4359400B96E05 /* PerfilViewController.m */; };
		02B5FE9B1AC437AF00B96E05 /* VacinasViewController.m in Sources */ = {isa = PBXBuildFile; fileRef = 02B5FE9A1AC437AF00B96E05 /* VacinasViewController.m */; };
		02B5FE9E1AC437F300B96E05 /* GraficosTableViewController.m in Sources */ = {isa = PBXBuildFile; fileRef = 02B5FE9D1AC437F300B96E05 /* GraficosTableViewController.m */; };
		02B5FEA11AC4387C00B96E05 /* DetalheGraficoViewController.m in Sources */ = {isa = PBXBuildFile; fileRef = 02B5FEA01AC4387C00B96E05 /* DetalheGraficoViewController.m */; };
		02BB77AF1AC2D28300F1DD4D /* InitialTableView.m in Sources */ = {isa = PBXBuildFile; fileRef = 02BB77AE1AC2D28300F1DD4D /* InitialTableView.m */; };
		02BB77B51AC2D85F00F1DD4D /* CadastroViewController.m in Sources */ = {isa = PBXBuildFile; fileRef = 02BB77B41AC2D85F00F1DD4D /* CadastroViewController.m */; };
		A1E8F3681ACABD3D00C7F39F /* VacinasSingleton.m in Sources */ = {isa = PBXBuildFile; fileRef = A1E8F3671ACABD3D00C7F39F /* VacinasSingleton.m */; };
		A1E8F36B1ACABECD00C7F39F /* DetailVacinasViewController.m in Sources */ = {isa = PBXBuildFile; fileRef = A1E8F36A1ACABECD00C7F39F /* DetailVacinasViewController.m */; };
		DDB6F57C1AC97BA40068997C /* VacinasCalendarioTableView.m in Sources */ = {isa = PBXBuildFile; fileRef = DDB6F57B1AC97BA40068997C /* VacinasCalendarioTableView.m */; };
		DDB6F57F1AC984B70068997C /* EventManager.m in Sources */ = {isa = PBXBuildFile; fileRef = DDB6F57E1AC984B70068997C /* EventManager.m */; };
		DDB6F5831AC987650068997C /* EventKit.framework in Frameworks */ = {isa = PBXBuildFile; fileRef = DDB6F5801AC985550068997C /* EventKit.framework */; };
		E4024BC61AC1F17A00A0FFF6 /* main.m in Sources */ = {isa = PBXBuildFile; fileRef = E4024BC51AC1F17A00A0FFF6 /* main.m */; };
		E4024BC91AC1F17A00A0FFF6 /* AppDelegate.m in Sources */ = {isa = PBXBuildFile; fileRef = E4024BC81AC1F17A00A0FFF6 /* AppDelegate.m */; };
		E4024BCC1AC1F17A00A0FFF6 /* EngineerChallenge.xcdatamodeld in Sources */ = {isa = PBXBuildFile; fileRef = E4024BCA1AC1F17A00A0FFF6 /* EngineerChallenge.xcdatamodeld */; };
		E4024BD41AC1F17A00A0FFF6 /* Images.xcassets in Resources */ = {isa = PBXBuildFile; fileRef = E4024BD31AC1F17A00A0FFF6 /* Images.xcassets */; };
		E4024BD71AC1F17A00A0FFF6 /* LaunchScreen.xib in Resources */ = {isa = PBXBuildFile; fileRef = E4024BD51AC1F17A00A0FFF6 /* LaunchScreen.xib */; };
		E4024BE31AC1F17B00A0FFF6 /* EngineerChallengeTests.m in Sources */ = {isa = PBXBuildFile; fileRef = E4024BE21AC1F17B00A0FFF6 /* EngineerChallengeTests.m */; };
		E4024BED1AC1F1BE00A0FFF6 /* Main.storyboard in Resources */ = {isa = PBXBuildFile; fileRef = E4024BEC1AC1F1BE00A0FFF6 /* Main.storyboard */; };
		E44D31851AC96AF800A81319 /* Vacina.m in Sources */ = {isa = PBXBuildFile; fileRef = E44D31841AC96AF800A81319 /* Vacina.m */; };
		E44D31911AC9878C00A81319 /* UpdateViewController.m in Sources */ = {isa = PBXBuildFile; fileRef = E44D31901AC9878C00A81319 /* UpdateViewController.m */; };
		E4C0D2A61ACAC14200DC3903 /* Medidas.m in Sources */ = {isa = PBXBuildFile; fileRef = E4C0D2A51ACAC14100DC3903 /* Medidas.m */; };
		E4C0D2A91ACAC14200DC3903 /* Filho.m in Sources */ = {isa = PBXBuildFile; fileRef = E4C0D2A81ACAC14200DC3903 /* Filho.m */; };
/* End PBXBuildFile section */

/* Begin PBXContainerItemProxy section */
		E4024BDD1AC1F17B00A0FFF6 /* PBXContainerItemProxy */ = {
			isa = PBXContainerItemProxy;
			containerPortal = E4024BB81AC1F17A00A0FFF6 /* Project object */;
			proxyType = 1;
			remoteGlobalIDString = E4024BBF1AC1F17A00A0FFF6;
			remoteInfo = EngineerChallenge;
		};
/* End PBXContainerItemProxy section */

/* Begin PBXFileReference section */
		0206AFD41AC5E17E000682CD /* VacinasAplicarTableView.h */ = {isa = PBXFileReference; fileEncoding = 4; lastKnownFileType = sourcecode.c.h; name = VacinasAplicarTableView.h; path = ../VacinasAplicarTableView.h; sourceTree = "<group>"; };
		0206AFD51AC5E17E000682CD /* VacinasAplicarTableView.m */ = {isa = PBXFileReference; fileEncoding = 4; lastKnownFileType = sourcecode.c.objc; name = VacinasAplicarTableView.m; path = ../VacinasAplicarTableView.m; sourceTree = "<group>"; };
		0206AFD71AC5E198000682CD /* VacinasDetalhesTableView.h */ = {isa = PBXFileReference; fileEncoding = 4; lastKnownFileType = sourcecode.c.h; path = VacinasDetalhesTableView.h; sourceTree = "<group>"; };
		0206AFD81AC5E198000682CD /* VacinasDetalhesTableView.m */ = {isa = PBXFileReference; fileEncoding = 4; lastKnownFileType = sourcecode.c.objc; path = VacinasDetalhesTableView.m; sourceTree = "<group>"; };
		0206AFDA1AC5E1C1000682CD /* VacinasHistoricoTableView.h */ = {isa = PBXFileReference; fileEncoding = 4; lastKnownFileType = sourcecode.c.h; path = VacinasHistoricoTableView.h; sourceTree = "<group>"; };
		0206AFDB1AC5E1C1000682CD /* VacinasHistoricoTableView.m */ = {isa = PBXFileReference; fileEncoding = 4; lastKnownFileType = sourcecode.c.objc; path = VacinasHistoricoTableView.m; sourceTree = "<group>"; };
		02377CB51AC456C20081B4A2 /* Solitaire.h */ = {isa = PBXFileReference; fileEncoding = 4; lastKnownFileType = sourcecode.c.h; path = Solitaire.h; sourceTree = "<group>"; };
		02377CB61AC456C20081B4A2 /* Solitaire.m */ = {isa = PBXFileReference; fileEncoding = 4; lastKnownFileType = sourcecode.c.objc; path = Solitaire.m; sourceTree = "<group>"; };
		02B5FE931AC4342900B96E05 /* TabBarController.h */ = {isa = PBXFileReference; fileEncoding = 4; lastKnownFileType = sourcecode.c.h; name = TabBarController.h; path = ../TabBarController.h; sourceTree = "<group>"; };
		02B5FE941AC4342900B96E05 /* TabBarController.m */ = {isa = PBXFileReference; fileEncoding = 4; lastKnownFileType = sourcecode.c.objc; name = TabBarController.m; path = ../TabBarController.m; sourceTree = "<group>"; };
		02B5FE961AC4359400B96E05 /* PerfilViewController.h */ = {isa = PBXFileReference; fileEncoding = 4; lastKnownFileType = sourcecode.c.h; path = PerfilViewController.h; sourceTree = "<group>"; };
		02B5FE971AC4359400B96E05 /* PerfilViewController.m */ = {isa = PBXFileReference; fileEncoding = 4; lastKnownFileType = sourcecode.c.objc; path = PerfilViewController.m; sourceTree = "<group>"; };
		02B5FE991AC437AF00B96E05 /* VacinasViewController.h */ = {isa = PBXFileReference; fileEncoding = 4; lastKnownFileType = sourcecode.c.h; path = VacinasViewController.h; sourceTree = "<group>"; };
		02B5FE9A1AC437AF00B96E05 /* VacinasViewController.m */ = {isa = PBXFileReference; fileEncoding = 4; lastKnownFileType = sourcecode.c.objc; path = VacinasViewController.m; sourceTree = "<group>"; };
		02B5FE9C1AC437F300B96E05 /* GraficosTableViewController.h */ = {isa = PBXFileReference; fileEncoding = 4; lastKnownFileType = sourcecode.c.h; path = GraficosTableViewController.h; sourceTree = "<group>"; };
		02B5FE9D1AC437F300B96E05 /* GraficosTableViewController.m */ = {isa = PBXFileReference; fileEncoding = 4; lastKnownFileType = sourcecode.c.objc; path = GraficosTableViewController.m; sourceTree = "<group>"; };
		02B5FE9F1AC4387C00B96E05 /* DetalheGraficoViewController.h */ = {isa = PBXFileReference; fileEncoding = 4; lastKnownFileType = sourcecode.c.h; path = DetalheGraficoViewController.h; sourceTree = "<group>"; };
		02B5FEA01AC4387C00B96E05 /* DetalheGraficoViewController.m */ = {isa = PBXFileReference; fileEncoding = 4; lastKnownFileType = sourcecode.c.objc; path = DetalheGraficoViewController.m; sourceTree = "<group>"; };
		02BB77AD1AC2D28300F1DD4D /* InitialTableView.h */ = {isa = PBXFileReference; fileEncoding = 4; lastKnownFileType = sourcecode.c.h; path = InitialTableView.h; sourceTree = "<group>"; };
		02BB77AE1AC2D28300F1DD4D /* InitialTableView.m */ = {isa = PBXFileReference; fileEncoding = 4; lastKnownFileType = sourcecode.c.objc; path = InitialTableView.m; sourceTree = "<group>"; };
		02BB77B31AC2D85F00F1DD4D /* CadastroViewController.h */ = {isa = PBXFileReference; fileEncoding = 4; lastKnownFileType = sourcecode.c.h; path = CadastroViewController.h; sourceTree = "<group>"; };
		02BB77B41AC2D85F00F1DD4D /* CadastroViewController.m */ = {isa = PBXFileReference; fileEncoding = 4; lastKnownFileType = sourcecode.c.objc; path = CadastroViewController.m; sourceTree = "<group>"; };
		A1E8F3661ACABD3D00C7F39F /* VacinasSingleton.h */ = {isa = PBXFileReference; fileEncoding = 4; lastKnownFileType = sourcecode.c.h; path = VacinasSingleton.h; sourceTree = "<group>"; };
		A1E8F3671ACABD3D00C7F39F /* VacinasSingleton.m */ = {isa = PBXFileReference; fileEncoding = 4; lastKnownFileType = sourcecode.c.objc; path = VacinasSingleton.m; sourceTree = "<group>"; };
		A1E8F3691ACABECD00C7F39F /* DetailVacinasViewController.h */ = {isa = PBXFileReference; fileEncoding = 4; lastKnownFileType = sourcecode.c.h; path = DetailVacinasViewController.h; sourceTree = "<group>"; };
		A1E8F36A1ACABECD00C7F39F /* DetailVacinasViewController.m */ = {isa = PBXFileReference; fileEncoding = 4; lastKnownFileType = sourcecode.c.objc; path = DetailVacinasViewController.m; sourceTree = "<group>"; };
		DDB6F57A1AC97BA40068997C /* VacinasCalendarioTableView.h */ = {isa = PBXFileReference; fileEncoding = 4; lastKnownFileType = sourcecode.c.h; name = VacinasCalendarioTableView.h; path = ../VacinasCalendarioTableView.h; sourceTree = "<group>"; };
		DDB6F57B1AC97BA40068997C /* VacinasCalendarioTableView.m */ = {isa = PBXFileReference; fileEncoding = 4; lastKnownFileType = sourcecode.c.objc; name = VacinasCalendarioTableView.m; path = ../VacinasCalendarioTableView.m; sourceTree = "<group>"; };
		DDB6F57D1AC984B70068997C /* EventManager.h */ = {isa = PBXFileReference; fileEncoding = 4; lastKnownFileType = sourcecode.c.h; path = EventManager.h; sourceTree = "<group>"; };
		DDB6F57E1AC984B70068997C /* EventManager.m */ = {isa = PBXFileReference; fileEncoding = 4; lastKnownFileType = sourcecode.c.objc; path = EventManager.m; sourceTree = "<group>"; };
		DDB6F5801AC985550068997C /* EventKit.framework */ = {isa = PBXFileReference; lastKnownFileType = wrapper.framework; name = EventKit.framework; path = System/Library/Frameworks/EventKit.framework; sourceTree = SDKROOT; };
		E4024BC01AC1F17A00A0FFF6 /* EngineerChallenge.app */ = {isa = PBXFileReference; explicitFileType = wrapper.application; includeInIndex = 0; path = EngineerChallenge.app; sourceTree = BUILT_PRODUCTS_DIR; };
		E4024BC41AC1F17A00A0FFF6 /* Info.plist */ = {isa = PBXFileReference; lastKnownFileType = text.plist.xml; path = Info.plist; sourceTree = "<group>"; };
		E4024BC51AC1F17A00A0FFF6 /* main.m */ = {isa = PBXFileReference; lastKnownFileType = sourcecode.c.objc; path = main.m; sourceTree = "<group>"; };
		E4024BC71AC1F17A00A0FFF6 /* AppDelegate.h */ = {isa = PBXFileReference; lastKnownFileType = sourcecode.c.h; path = AppDelegate.h; sourceTree = "<group>"; };
		E4024BC81AC1F17A00A0FFF6 /* AppDelegate.m */ = {isa = PBXFileReference; lastKnownFileType = sourcecode.c.objc; path = AppDelegate.m; sourceTree = "<group>"; };
		E4024BCB1AC1F17A00A0FFF6 /* EngineerChallenge.xcdatamodel */ = {isa = PBXFileReference; lastKnownFileType = wrapper.xcdatamodel; path = EngineerChallenge.xcdatamodel; sourceTree = "<group>"; };
		E4024BD31AC1F17A00A0FFF6 /* Images.xcassets */ = {isa = PBXFileReference; lastKnownFileType = folder.assetcatalog; path = Images.xcassets; sourceTree = "<group>"; };
		E4024BD61AC1F17A00A0FFF6 /* Base */ = {isa = PBXFileReference; lastKnownFileType = file.xib; name = Base; path = Base.lproj/LaunchScreen.xib; sourceTree = "<group>"; };
		E4024BDC1AC1F17B00A0FFF6 /* EngineerChallengeTests.xctest */ = {isa = PBXFileReference; explicitFileType = wrapper.cfbundle; includeInIndex = 0; path = EngineerChallengeTests.xctest; sourceTree = BUILT_PRODUCTS_DIR; };
		E4024BE11AC1F17B00A0FFF6 /* Info.plist */ = {isa = PBXFileReference; lastKnownFileType = text.plist.xml; path = Info.plist; sourceTree = "<group>"; };
		E4024BE21AC1F17B00A0FFF6 /* EngineerChallengeTests.m */ = {isa = PBXFileReference; lastKnownFileType = sourcecode.c.objc; path = EngineerChallengeTests.m; sourceTree = "<group>"; };
		E4024BEC1AC1F1BE00A0FFF6 /* Main.storyboard */ = {isa = PBXFileReference; fileEncoding = 4; lastKnownFileType = file.storyboard; path = Main.storyboard; sourceTree = "<group>"; };
		E44D31831AC96AF800A81319 /* Vacina.h */ = {isa = PBXFileReference; fileEncoding = 4; lastKnownFileType = sourcecode.c.h; path = Vacina.h; sourceTree = "<group>"; };
		E44D31841AC96AF800A81319 /* Vacina.m */ = {isa = PBXFileReference; fileEncoding = 4; lastKnownFileType = sourcecode.c.objc; path = Vacina.m; sourceTree = "<group>"; };
		E44D318F1AC9878C00A81319 /* UpdateViewController.h */ = {isa = PBXFileReference; fileEncoding = 4; lastKnownFileType = sourcecode.c.h; path = UpdateViewController.h; sourceTree = "<group>"; };
		E44D31901AC9878C00A81319 /* UpdateViewController.m */ = {isa = PBXFileReference; fileEncoding = 4; lastKnownFileType = sourcecode.c.objc; path = UpdateViewController.m; sourceTree = "<group>"; };
		E4C0D2A41ACAC14100DC3903 /* Medidas.h */ = {isa = PBXFileReference; fileEncoding = 4; lastKnownFileType = sourcecode.c.h; name = Medidas.h; path = ../Medidas.h; sourceTree = "<group>"; };
		E4C0D2A51ACAC14100DC3903 /* Medidas.m */ = {isa = PBXFileReference; fileEncoding = 4; lastKnownFileType = sourcecode.c.objc; name = Medidas.m; path = ../Medidas.m; sourceTree = "<group>"; };
		E4C0D2A71ACAC14200DC3903 /* Filho.h */ = {isa = PBXFileReference; fileEncoding = 4; lastKnownFileType = sourcecode.c.h; name = Filho.h; path = ../Filho.h; sourceTree = "<group>"; };
		E4C0D2A81ACAC14200DC3903 /* Filho.m */ = {isa = PBXFileReference; fileEncoding = 4; lastKnownFileType = sourcecode.c.objc; name = Filho.m; path = ../Filho.m; sourceTree = "<group>"; };
/* End PBXFileReference section */

/* Begin PBXFrameworksBuildPhase section */
		E4024BBD1AC1F17A00A0FFF6 /* Frameworks */ = {
			isa = PBXFrameworksBuildPhase;
			buildActionMask = 2147483647;
			files = (
				DDB6F5831AC987650068997C /* EventKit.framework in Frameworks */,
			);
			runOnlyForDeploymentPostprocessing = 0;
		};
		E4024BD91AC1F17B00A0FFF6 /* Frameworks */ = {
			isa = PBXFrameworksBuildPhase;
			buildActionMask = 2147483647;
			files = (
			);
			runOnlyForDeploymentPostprocessing = 0;
		};
/* End PBXFrameworksBuildPhase section */

/* Begin PBXGroup section */
		02BB77A61AC2D10800F1DD4D /* Entidades */ = {
			isa = PBXGroup;
			children = (
				02377CB51AC456C20081B4A2 /* Solitaire.h */,
				02377CB61AC456C20081B4A2 /* Solitaire.m */,
				E44D31831AC96AF800A81319 /* Vacina.h */,
				E44D31841AC96AF800A81319 /* Vacina.m */,
				DDB6F57D1AC984B70068997C /* EventManager.h */,
				DDB6F57E1AC984B70068997C /* EventManager.m */,
				E4C0D2A71ACAC14200DC3903 /* Filho.h */,
				E4C0D2A81ACAC14200DC3903 /* Filho.m */,
				E4C0D2A41ACAC14100DC3903 /* Medidas.h */,
				E4C0D2A51ACAC14100DC3903 /* Medidas.m */,
				A1E8F3661ACABD3D00C7F39F /* VacinasSingleton.h */,
				A1E8F3671ACABD3D00C7F39F /* VacinasSingleton.m */,
			);
			name = Entidades;
			sourceTree = "<group>";
		};
		02BE118B1ACAC6D70060D9AC /* SegmentedControl */ = {
			isa = PBXGroup;
			children = (
				0206AFD41AC5E17E000682CD /* VacinasAplicarTableView.h */,
				0206AFD51AC5E17E000682CD /* VacinasAplicarTableView.m */,
				0206AFD71AC5E198000682CD /* VacinasDetalhesTableView.h */,
				0206AFD81AC5E198000682CD /* VacinasDetalhesTableView.m */,
				A1E8F3691ACABECD00C7F39F /* DetailVacinasViewController.h */,
				A1E8F36A1ACABECD00C7F39F /* DetailVacinasViewController.m */,
				DDB6F57A1AC97BA40068997C /* VacinasCalendarioTableView.h */,
				DDB6F57B1AC97BA40068997C /* VacinasCalendarioTableView.m */,
				0206AFDA1AC5E1C1000682CD /* VacinasHistoricoTableView.h */,
				0206AFDB1AC5E1C1000682CD /* VacinasHistoricoTableView.m */,
			);
			name = SegmentedControl;
			sourceTree = "<group>";
		};
		DDB6F5841AC987900068997C /* Frameworks */ = {
			isa = PBXGroup;
			children = (
				DDB6F5801AC985550068997C /* EventKit.framework */,
			);
			name = Frameworks;
			sourceTree = "<group>";
		};
		E4024BB71AC1F17A00A0FFF6 = {
			isa = PBXGroup;
			children = (
				DDB6F5841AC987900068997C /* Frameworks */,
				E4024BC21AC1F17A00A0FFF6 /* EngineerChallenge */,
				E4024BDF1AC1F17B00A0FFF6 /* EngineerChallengeTests */,
				E4024BC11AC1F17A00A0FFF6 /* Products */,
			);
			sourceTree = "<group>";
		};
		E4024BC11AC1F17A00A0FFF6 /* Products */ = {
			isa = PBXGroup;
			children = (
				E4024BC01AC1F17A00A0FFF6 /* EngineerChallenge.app */,
				E4024BDC1AC1F17B00A0FFF6 /* EngineerChallengeTests.xctest */,
			);
			name = Products;
			sourceTree = "<group>";
		};
		E4024BC21AC1F17A00A0FFF6 /* EngineerChallenge */ = {
			isa = PBXGroup;
			children = (
				02BB77A61AC2D10800F1DD4D /* Entidades */,
				E4024BC71AC1F17A00A0FFF6 /* AppDelegate.h */,
				E4024BC81AC1F17A00A0FFF6 /* AppDelegate.m */,
				02BB77AD1AC2D28300F1DD4D /* InitialTableView.h */,
				02BB77AE1AC2D28300F1DD4D /* InitialTableView.m */,
				02BB77B31AC2D85F00F1DD4D /* CadastroViewController.h */,
				02BB77B41AC2D85F00F1DD4D /* CadastroViewController.m */,
				02B5FE931AC4342900B96E05 /* TabBarController.h */,
				02B5FE941AC4342900B96E05 /* TabBarController.m */,
				02B5FE961AC4359400B96E05 /* PerfilViewController.h */,
				02B5FE971AC4359400B96E05 /* PerfilViewController.m */,
				02B5FE991AC437AF00B96E05 /* VacinasViewController.h */,
				02B5FE9A1AC437AF00B96E05 /* VacinasViewController.m */,
				02BE118B1ACAC6D70060D9AC /* SegmentedControl */,
				02B5FE9C1AC437F300B96E05 /* GraficosTableViewController.h */,
				02B5FE9D1AC437F300B96E05 /* GraficosTableViewController.m */,
				E44D318F1AC9878C00A81319 /* UpdateViewController.h */,
				E44D31901AC9878C00A81319 /* UpdateViewController.m */,
				02B5FE9F1AC4387C00B96E05 /* DetalheGraficoViewController.h */,
				02B5FEA01AC4387C00B96E05 /* DetalheGraficoViewController.m */,
				E4024BEC1AC1F1BE00A0FFF6 /* Main.storyboard */,
				E4024BD31AC1F17A00A0FFF6 /* Images.xcassets */,
				E4024BD51AC1F17A00A0FFF6 /* LaunchScreen.xib */,
				E4024BCA1AC1F17A00A0FFF6 /* EngineerChallenge.xcdatamodeld */,
				E4024BC31AC1F17A00A0FFF6 /* Supporting Files */,
			);
			path = EngineerChallenge;
			sourceTree = "<group>";
		};
		E4024BC31AC1F17A00A0FFF6 /* Supporting Files */ = {
			isa = PBXGroup;
			children = (
				E4024BC41AC1F17A00A0FFF6 /* Info.plist */,
				E4024BC51AC1F17A00A0FFF6 /* main.m */,
			);
			name = "Supporting Files";
			sourceTree = "<group>";
		};
		E4024BDF1AC1F17B00A0FFF6 /* EngineerChallengeTests */ = {
			isa = PBXGroup;
			children = (
				E4024BE21AC1F17B00A0FFF6 /* EngineerChallengeTests.m */,
				E4024BE01AC1F17B00A0FFF6 /* Supporting Files */,
			);
			path = EngineerChallengeTests;
			sourceTree = "<group>";
		};
		E4024BE01AC1F17B00A0FFF6 /* Supporting Files */ = {
			isa = PBXGroup;
			children = (
				E4024BE11AC1F17B00A0FFF6 /* Info.plist */,
			);
			name = "Supporting Files";
			sourceTree = "<group>";
		};
/* End PBXGroup section */

/* Begin PBXNativeTarget section */
		E4024BBF1AC1F17A00A0FFF6 /* EngineerChallenge */ = {
			isa = PBXNativeTarget;
			buildConfigurationList = E4024BE61AC1F17B00A0FFF6 /* Build configuration list for PBXNativeTarget "EngineerChallenge" */;
			buildPhases = (
				E4024BBC1AC1F17A00A0FFF6 /* Sources */,
				E4024BBD1AC1F17A00A0FFF6 /* Frameworks */,
				E4024BBE1AC1F17A00A0FFF6 /* Resources */,
			);
			buildRules = (
			);
			dependencies = (
			);
			name = EngineerChallenge;
			productName = EngineerChallenge;
			productReference = E4024BC01AC1F17A00A0FFF6 /* EngineerChallenge.app */;
			productType = "com.apple.product-type.application";
		};
		E4024BDB1AC1F17B00A0FFF6 /* EngineerChallengeTests */ = {
			isa = PBXNativeTarget;
			buildConfigurationList = E4024BE91AC1F17B00A0FFF6 /* Build configuration list for PBXNativeTarget "EngineerChallengeTests" */;
			buildPhases = (
				E4024BD81AC1F17B00A0FFF6 /* Sources */,
				E4024BD91AC1F17B00A0FFF6 /* Frameworks */,
				E4024BDA1AC1F17B00A0FFF6 /* Resources */,
			);
			buildRules = (
			);
			dependencies = (
				E4024BDE1AC1F17B00A0FFF6 /* PBXTargetDependency */,
			);
			name = EngineerChallengeTests;
			productName = EngineerChallengeTests;
			productReference = E4024BDC1AC1F17B00A0FFF6 /* EngineerChallengeTests.xctest */;
			productType = "com.apple.product-type.bundle.unit-test";
		};
/* End PBXNativeTarget section */

/* Begin PBXProject section */
		E4024BB81AC1F17A00A0FFF6 /* Project object */ = {
			isa = PBXProject;
			attributes = {
				LastUpgradeCheck = 0620;
				ORGANIZATIONNAME = "Isaías Lima";
				TargetAttributes = {
					E4024BBF1AC1F17A00A0FFF6 = {
						CreatedOnToolsVersion = 6.2;
						DevelopmentTeam = F2Q5YFHJHH;
					};
					E4024BDB1AC1F17B00A0FFF6 = {
						CreatedOnToolsVersion = 6.2;
						DevelopmentTeam = F2Q5YFHJHH;
						TestTargetID = E4024BBF1AC1F17A00A0FFF6;
					};
				};
			};
			buildConfigurationList = E4024BBB1AC1F17A00A0FFF6 /* Build configuration list for PBXProject "EngineerChallenge" */;
			compatibilityVersion = "Xcode 3.2";
			developmentRegion = English;
			hasScannedForEncodings = 0;
			knownRegions = (
				en,
				Base,
			);
			mainGroup = E4024BB71AC1F17A00A0FFF6;
			productRefGroup = E4024BC11AC1F17A00A0FFF6 /* Products */;
			projectDirPath = "";
			projectRoot = "";
			targets = (
				E4024BBF1AC1F17A00A0FFF6 /* EngineerChallenge */,
				E4024BDB1AC1F17B00A0FFF6 /* EngineerChallengeTests */,
			);
		};
/* End PBXProject section */

/* Begin PBXResourcesBuildPhase section */
		E4024BBE1AC1F17A00A0FFF6 /* Resources */ = {
			isa = PBXResourcesBuildPhase;
			buildActionMask = 2147483647;
			files = (
				E4024BED1AC1F1BE00A0FFF6 /* Main.storyboard in Resources */,
				E4024BD71AC1F17A00A0FFF6 /* LaunchScreen.xib in Resources */,
				E4024BD41AC1F17A00A0FFF6 /* Images.xcassets in Resources */,
			);
			runOnlyForDeploymentPostprocessing = 0;
		};
		E4024BDA1AC1F17B00A0FFF6 /* Resources */ = {
			isa = PBXResourcesBuildPhase;
			buildActionMask = 2147483647;
			files = (
			);
			runOnlyForDeploymentPostprocessing = 0;
		};
/* End PBXResourcesBuildPhase section */

/* Begin PBXSourcesBuildPhase section */
		E4024BBC1AC1F17A00A0FFF6 /* Sources */ = {
			isa = PBXSourcesBuildPhase;
			buildActionMask = 2147483647;
			files = (
				E4C0D2A91ACAC14200DC3903 /* Filho.m in Sources */,
				02B5FE981AC4359400B96E05 /* PerfilViewController.m in Sources */,
				02BB77AF1AC2D28300F1DD4D /* InitialTableView.m in Sources */,
				A1E8F3681ACABD3D00C7F39F /* VacinasSingleton.m in Sources */,
				02377CB71AC456C20081B4A2 /* Solitaire.m in Sources */,
				02B5FE9E1AC437F300B96E05 /* GraficosTableViewController.m in Sources */,
				0206AFDC1AC5E1C1000682CD /* VacinasHistoricoTableView.m in Sources */,
				E4024BCC1AC1F17A00A0FFF6 /* EngineerChallenge.xcdatamodeld in Sources */,
				02BB77B51AC2D85F00F1DD4D /* CadastroViewController.m in Sources */,
				E44D31911AC9878C00A81319 /* UpdateViewController.m in Sources */,
				A1E8F36B1ACABECD00C7F39F /* DetailVacinasViewController.m in Sources */,
				0206AFD91AC5E198000682CD /* VacinasDetalhesTableView.m in Sources */,
				E4C0D2A61ACAC14200DC3903 /* Medidas.m in Sources */,
				DDB6F57C1AC97BA40068997C /* VacinasCalendarioTableView.m in Sources */,
				02B5FEA11AC4387C00B96E05 /* DetalheGraficoViewController.m in Sources */,
				02B5FE9B1AC437AF00B96E05 /* VacinasViewController.m in Sources */,
				02B5FE951AC4342900B96E05 /* TabBarController.m in Sources */,
				DDB6F57F1AC984B70068997C /* EventManager.m in Sources */,
				E4024BC91AC1F17A00A0FFF6 /* AppDelegate.m in Sources */,
				E4024BC61AC1F17A00A0FFF6 /* main.m in Sources */,
				E44D31851AC96AF800A81319 /* Vacina.m in Sources */,
				0206AFD61AC5E17E000682CD /* VacinasAplicarTableView.m in Sources */,
			);
			runOnlyForDeploymentPostprocessing = 0;
		};
		E4024BD81AC1F17B00A0FFF6 /* Sources */ = {
			isa = PBXSourcesBuildPhase;
			buildActionMask = 2147483647;
			files = (
				E4024BE31AC1F17B00A0FFF6 /* EngineerChallengeTests.m in Sources */,
			);
			runOnlyForDeploymentPostprocessing = 0;
		};
/* End PBXSourcesBuildPhase section */

/* Begin PBXTargetDependency section */
		E4024BDE1AC1F17B00A0FFF6 /* PBXTargetDependency */ = {
			isa = PBXTargetDependency;
			target = E4024BBF1AC1F17A00A0FFF6 /* EngineerChallenge */;
			targetProxy = E4024BDD1AC1F17B00A0FFF6 /* PBXContainerItemProxy */;
		};
/* End PBXTargetDependency section */

/* Begin PBXVariantGroup section */
		E4024BD51AC1F17A00A0FFF6 /* LaunchScreen.xib */ = {
			isa = PBXVariantGroup;
			children = (
				E4024BD61AC1F17A00A0FFF6 /* Base */,
			);
			name = LaunchScreen.xib;
			sourceTree = "<group>";
		};
/* End PBXVariantGroup section */

/* Begin XCBuildConfiguration section */
		E4024BE41AC1F17B00A0FFF6 /* Debug */ = {
			isa = XCBuildConfiguration;
			buildSettings = {
				ALWAYS_SEARCH_USER_PATHS = NO;
				CLANG_CXX_LANGUAGE_STANDARD = "gnu++0x";
				CLANG_CXX_LIBRARY = "libc++";
				CLANG_ENABLE_MODULES = YES;
				CLANG_ENABLE_OBJC_ARC = YES;
				CLANG_WARN_BOOL_CONVERSION = YES;
				CLANG_WARN_CONSTANT_CONVERSION = YES;
				CLANG_WARN_DIRECT_OBJC_ISA_USAGE = YES_ERROR;
				CLANG_WARN_EMPTY_BODY = YES;
				CLANG_WARN_ENUM_CONVERSION = YES;
				CLANG_WARN_INT_CONVERSION = YES;
				CLANG_WARN_OBJC_ROOT_CLASS = YES_ERROR;
				CLANG_WARN_UNREACHABLE_CODE = YES;
				CLANG_WARN__DUPLICATE_METHOD_MATCH = YES;
				"CODE_SIGN_IDENTITY[sdk=iphoneos*]" = "iPhone Developer";
				COPY_PHASE_STRIP = NO;
				ENABLE_STRICT_OBJC_MSGSEND = YES;
				GCC_C_LANGUAGE_STANDARD = gnu99;
				GCC_DYNAMIC_NO_PIC = NO;
				GCC_OPTIMIZATION_LEVEL = 0;
				GCC_PREPROCESSOR_DEFINITIONS = (
					"DEBUG=1",
					"$(inherited)",
				);
				GCC_SYMBOLS_PRIVATE_EXTERN = NO;
				GCC_WARN_64_TO_32_BIT_CONVERSION = YES;
				GCC_WARN_ABOUT_RETURN_TYPE = YES_ERROR;
				GCC_WARN_UNDECLARED_SELECTOR = YES;
				GCC_WARN_UNINITIALIZED_AUTOS = YES_AGGRESSIVE;
				GCC_WARN_UNUSED_FUNCTION = YES;
				GCC_WARN_UNUSED_VARIABLE = YES;
				IPHONEOS_DEPLOYMENT_TARGET = 8.2;
				MTL_ENABLE_DEBUG_INFO = YES;
				ONLY_ACTIVE_ARCH = YES;
				SDKROOT = iphoneos;
			};
			name = Debug;
		};
		E4024BE51AC1F17B00A0FFF6 /* Release */ = {
			isa = XCBuildConfiguration;
			buildSettings = {
				ALWAYS_SEARCH_USER_PATHS = NO;
				CLANG_CXX_LANGUAGE_STANDARD = "gnu++0x";
				CLANG_CXX_LIBRARY = "libc++";
				CLANG_ENABLE_MODULES = YES;
				CLANG_ENABLE_OBJC_ARC = YES;
				CLANG_WARN_BOOL_CONVERSION = YES;
				CLANG_WARN_CONSTANT_CONVERSION = YES;
				CLANG_WARN_DIRECT_OBJC_ISA_USAGE = YES_ERROR;
				CLANG_WARN_EMPTY_BODY = YES;
				CLANG_WARN_ENUM_CONVERSION = YES;
				CLANG_WARN_INT_CONVERSION = YES;
				CLANG_WARN_OBJC_ROOT_CLASS = YES_ERROR;
				CLANG_WARN_UNREACHABLE_CODE = YES;
				CLANG_WARN__DUPLICATE_METHOD_MATCH = YES;
				"CODE_SIGN_IDENTITY[sdk=iphoneos*]" = "iPhone Developer";
				COPY_PHASE_STRIP = NO;
				ENABLE_NS_ASSERTIONS = NO;
				ENABLE_STRICT_OBJC_MSGSEND = YES;
				GCC_C_LANGUAGE_STANDARD = gnu99;
				GCC_WARN_64_TO_32_BIT_CONVERSION = YES;
				GCC_WARN_ABOUT_RETURN_TYPE = YES_ERROR;
				GCC_WARN_UNDECLARED_SELECTOR = YES;
				GCC_WARN_UNINITIALIZED_AUTOS = YES_AGGRESSIVE;
				GCC_WARN_UNUSED_FUNCTION = YES;
				GCC_WARN_UNUSED_VARIABLE = YES;
				IPHONEOS_DEPLOYMENT_TARGET = 8.2;
				MTL_ENABLE_DEBUG_INFO = NO;
				SDKROOT = iphoneos;
				VALIDATE_PRODUCT = YES;
			};
			name = Release;
		};
		E4024BE71AC1F17B00A0FFF6 /* Debug */ = {
			isa = XCBuildConfiguration;
			buildSettings = {
				ASSETCATALOG_COMPILER_APPICON_NAME = AppIcon;
				CODE_SIGN_IDENTITY = "iPhone Developer";
				INFOPLIST_FILE = EngineerChallenge/Info.plist;
				LD_RUNPATH_SEARCH_PATHS = "$(inherited) @executable_path/Frameworks";
				PRODUCT_NAME = "$(TARGET_NAME)";
			};
			name = Debug;
		};
		E4024BE81AC1F17B00A0FFF6 /* Release */ = {
			isa = XCBuildConfiguration;
			buildSettings = {
				ASSETCATALOG_COMPILER_APPICON_NAME = AppIcon;
				CODE_SIGN_IDENTITY = "iPhone Developer";
				INFOPLIST_FILE = EngineerChallenge/Info.plist;
				LD_RUNPATH_SEARCH_PATHS = "$(inherited) @executable_path/Frameworks";
				PRODUCT_NAME = "$(TARGET_NAME)";
			};
			name = Release;
		};
		E4024BEA1AC1F17B00A0FFF6 /* Debug */ = {
			isa = XCBuildConfiguration;
			buildSettings = {
				BUNDLE_LOADER = "$(TEST_HOST)";
				FRAMEWORK_SEARCH_PATHS = (
					"$(SDKROOT)/Developer/Library/Frameworks",
					"$(inherited)",
				);
				GCC_PREPROCESSOR_DEFINITIONS = (
					"DEBUG=1",
					"$(inherited)",
				);
				INFOPLIST_FILE = EngineerChallengeTests/Info.plist;
				LD_RUNPATH_SEARCH_PATHS = "$(inherited) @executable_path/Frameworks @loader_path/Frameworks";
				PRODUCT_NAME = "$(TARGET_NAME)";
				TEST_HOST = "$(BUILT_PRODUCTS_DIR)/EngineerChallenge.app/EngineerChallenge";
			};
			name = Debug;
		};
		E4024BEB1AC1F17B00A0FFF6 /* Release */ = {
			isa = XCBuildConfiguration;
			buildSettings = {
				BUNDLE_LOADER = "$(TEST_HOST)";
				FRAMEWORK_SEARCH_PATHS = (
					"$(SDKROOT)/Developer/Library/Frameworks",
					"$(inherited)",
				);
				INFOPLIST_FILE = EngineerChallengeTests/Info.plist;
				LD_RUNPATH_SEARCH_PATHS = "$(inherited) @executable_path/Frameworks @loader_path/Frameworks";
				PRODUCT_NAME = "$(TARGET_NAME)";
				TEST_HOST = "$(BUILT_PRODUCTS_DIR)/EngineerChallenge.app/EngineerChallenge";
			};
			name = Release;
		};
/* End XCBuildConfiguration section */

/* Begin XCConfigurationList section */
		E4024BBB1AC1F17A00A0FFF6 /* Build configuration list for PBXProject "EngineerChallenge" */ = {
			isa = XCConfigurationList;
			buildConfigurations = (
				E4024BE41AC1F17B00A0FFF6 /* Debug */,
				E4024BE51AC1F17B00A0FFF6 /* Release */,
			);
			defaultConfigurationIsVisible = 0;
			defaultConfigurationName = Release;
		};
		E4024BE61AC1F17B00A0FFF6 /* Build configuration list for PBXNativeTarget "EngineerChallenge" */ = {
			isa = XCConfigurationList;
			buildConfigurations = (
				E4024BE71AC1F17B00A0FFF6 /* Debug */,
				E4024BE81AC1F17B00A0FFF6 /* Release */,
			);
			defaultConfigurationIsVisible = 0;
			defaultConfigurationName = Release;
		};
		E4024BE91AC1F17B00A0FFF6 /* Build configuration list for PBXNativeTarget "EngineerChallengeTests" */ = {
			isa = XCConfigurationList;
			buildConfigurations = (
				E4024BEA1AC1F17B00A0FFF6 /* Debug */,
				E4024BEB1AC1F17B00A0FFF6 /* Release */,
			);
			defaultConfigurationIsVisible = 0;
			defaultConfigurationName = Release;
		};
/* End XCConfigurationList section */

/* Begin XCVersionGroup section */
		E4024BCA1AC1F17A00A0FFF6 /* EngineerChallenge.xcdatamodeld */ = {
			isa = XCVersionGroup;
			children = (
				E4024BCB1AC1F17A00A0FFF6 /* EngineerChallenge.xcdatamodel */,
			);
			currentVersion = E4024BCB1AC1F17A00A0FFF6 /* EngineerChallenge.xcdatamodel */;
			path = EngineerChallenge.xcdatamodeld;
			sourceTree = "<group>";
			versionGroupType = wrapper.xcdatamodel;
		};
/* End XCVersionGroup section */
	};
	rootObject = E4024BB81AC1F17A00A0FFF6 /* Project object */;
}
